
Microsoft Visual Studio Solution File, Format Version 12.00
# Visual Studio 15
VisualStudioVersion = 15.0.28010.2026
MinimumVisualStudioVersion = 10.0.40219.1
Project("{FAE04EC0-301F-11D3-BF4B-00C04F79EFBC}") = "ServicePerson", "ServicePerson\ServicePerson.csproj", "{CF78DFB1-DFBB-402D-BACF-9369F27E27C4}"
EndProject
Project("{FAE04EC0-301F-11D3-BF4B-00C04F79EFBC}") = "ServicePersonHost", "ServicePersonHost\ServicePersonHost.csproj", "{6ECCBF9B-5864-4628-A68F-03F5B8B33047}"
EndProject
Global
	GlobalSection(SolutionConfigurationPlatforms) = preSolution
		Debug|Any CPU = Debug|Any CPU
		Release|Any CPU = Release|Any CPU
	EndGlobalSection
	GlobalSection(ProjectConfigurationPlatforms) = postSolution
		{CF78DFB1-DFBB-402D-BACF-9369F27E27C4}.Debug|Any CPU.ActiveCfg = Debug|Any CPU
		{CF78DFB1-DFBB-402D-BACF-9369F27E27C4}.Debug|Any CPU.Build.0 = Debug|Any CPU
		{CF78DFB1-DFBB-402D-BACF-9369F27E27C4}.Release|Any CPU.ActiveCfg = Release|Any CPU
		{CF78DFB1-DFBB-402D-BACF-9369F27E27C4}.Release|Any CPU.Build.0 = Release|Any CPU
		{6ECCBF9B-5864-4628-A68F-03F5B8B33047}.Debug|Any CPU.ActiveCfg = Debug|Any CPU
		{6ECCBF9B-5864-4628-A68F-03F5B8B33047}.Debug|Any CPU.Build.0 = Debug|Any CPU
		{6ECCBF9B-5864-4628-A68F-03F5B8B33047}.Release|Any CPU.ActiveCfg = Release|Any CPU
		{6ECCBF9B-5864-4628-A68F-03F5B8B33047}.Release|Any CPU.Build.0 = Release|Any CPU
	EndGlobalSection
	GlobalSection(SolutionProperties) = preSolution
		HideSolutionNode = FALSE
	EndGlobalSection
	GlobalSection(ExtensibilityGlobals) = postSolution
		SolutionGuid = {D91F3B39-2741-427D-89EA-6E5630FEDC8E}
	EndGlobalSection
EndGlobal
